
Microsoft Visual Studio Solution File, Format Version 12.00
# Visual Studio Version 17
VisualStudioVersion = 17.11.35222.181
MinimumVisualStudioVersion = 10.0.40219.1
Project("{FAE04EC0-301F-11D3-BF4B-00C04F79EFBC}") = "OOP", "OOP\OOP.csproj", "{746B0B6A-402A-442C-AD22-8EC37B3649AE}"
EndProject
Global
	GlobalSection(SolutionConfigurationPlatforms) = preSolution
		Debug|Any CPU = Debug|Any CPU
		Release|Any CPU = Release|Any CPU
	EndGlobalSection
	GlobalSection(ProjectConfigurationPlatforms) = postSolution
		{746B0B6A-402A-442C-AD22-8EC37B3649AE}.Debug|Any CPU.ActiveCfg = Debug|Any CPU
		{746B0B6A-402A-442C-AD22-8EC37B3649AE}.Debug|Any CPU.Build.0 = Debug|Any CPU
		{746B0B6A-402A-442C-AD22-8EC37B3649AE}.Release|Any CPU.ActiveCfg = Release|Any CPU
		{746B0B6A-402A-442C-AD22-8EC37B3649AE}.Release|Any CPU.Build.0 = Release|Any CPU
	EndGlobalSection
	GlobalSection(SolutionProperties) = preSolution
		HideSolutionNode = FALSE
	EndGlobalSection
	GlobalSection(ExtensibilityGlobals) = postSolution
		SolutionGuid = {03E402F1-77D9-4CFB-9A50-C3892BAE5AFF}
	EndGlobalSection
EndGlobal
